
Microsoft Visual Studio Solution File, Format Version 12.00
# Visual Studio Version 17
VisualStudioVersion = 17.3.32929.385
MinimumVisualStudioVersion = 10.0.40219.1
Project("{FAE04EC0-301F-11D3-BF4B-00C04F79EFBC}") = "ShortDev.JLab", "ShortDev.JLab\ShortDev.JLab.csproj", "{7E4589EB-7F07-40FD-9C58-8633BBE4CF44}"
EndProject
Global
	GlobalSection(SolutionConfigurationPlatforms) = preSolution
		Debug|Any CPU = Debug|Any CPU
		Release|Any CPU = Release|Any CPU
	EndGlobalSection
	GlobalSection(ProjectConfigurationPlatforms) = postSolution
		{7E4589EB-7F07-40FD-9C58-8633BBE4CF44}.Debug|Any CPU.ActiveCfg = Debug|Any CPU
		{7E4589EB-7F07-40FD-9C58-8633BBE4CF44}.Debug|Any CPU.Build.0 = Debug|Any CPU
		{7E4589EB-7F07-40FD-9C58-8633BBE4CF44}.Release|Any CPU.ActiveCfg = Release|Any CPU
		{7E4589EB-7F07-40FD-9C58-8633BBE4CF44}.Release|Any CPU.Build.0 = Release|Any CPU
	EndGlobalSection
	GlobalSection(SolutionProperties) = preSolution
		HideSolutionNode = FALSE
	EndGlobalSection
	GlobalSection(ExtensibilityGlobals) = postSolution
		SolutionGuid = {3DC8692B-08CD-45D1-8782-900E3D7D25F7}
	EndGlobalSection
EndGlobal
